
Microsoft Visual Studio Solution File, Format Version 12.00
# Visual Studio 15
VisualStudioVersion = 15.0.28307.539
MinimumVisualStudioVersion = 10.0.40219.1
Project("{8BC9CEB8-8B4A-11D0-8D11-00A0C91BC942}") = "Graphics_SFML", "Graphics_SFML\Graphics_SFML.vcxproj", "{B1764023-5DBB-4DF7-8106-7CD9B1CA512C}"
EndProject
Global
	GlobalSection(SolutionConfigurationPlatforms) = preSolution
		Debug|x64 = Debug|x64
		Debug|x86 = Debug|x86
		Release|x64 = Release|x64
		Release|x86 = Release|x86
	EndGlobalSection
	GlobalSection(ProjectConfigurationPlatforms) = postSolution
		{B1764023-5DBB-4DF7-8106-7CD9B1CA512C}.Debug|x64.ActiveCfg = Debug|x64
		{B1764023-5DBB-4DF7-8106-7CD9B1CA512C}.Debug|x64.Build.0 = Debug|x64
		{B1764023-5DBB-4DF7-8106-7CD9B1CA512C}.Debug|x86.ActiveCfg = Debug|Win32
		{B1764023-5DBB-4DF7-8106-7CD9B1CA512C}.Debug|x86.Build.0 = Debug|Win32
		{B1764023-5DBB-4DF7-8106-7CD9B1CA512C}.Release|x64.ActiveCfg = Release|x64
		{B1764023-5DBB-4DF7-8106-7CD9B1CA512C}.Release|x64.Build.0 = Release|x64
		{B1764023-5DBB-4DF7-8106-7CD9B1CA512C}.Release|x86.ActiveCfg = Release|Win32
		{B1764023-5DBB-4DF7-8106-7CD9B1CA512C}.Release|x86.Build.0 = Release|Win32
	EndGlobalSection
	GlobalSection(SolutionProperties) = preSolution
		HideSolutionNode = FALSE
	EndGlobalSection
	GlobalSection(ExtensibilityGlobals) = postSolution
		SolutionGuid = {057EB4AC-9262-481F-A769-BBA45164D104}
	EndGlobalSection
EndGlobal
